// !$*UTF8*$!
{
	archiveVersion = 1;
	classes = {
	};
	objectVersion = 50;
	objects = {

/* Begin PBXBuildFile section */
		362E56172322B25D0050834E /* Baton WatchKit App.app in Embed Watch Content */ = {isa = PBXBuildFile; fileRef = 362E56162322B25D0050834E /* Baton WatchKit App.app */; settings = {ATTRIBUTES = (RemoveHeadersOnCopy, ); }; };
		362E561D2322B25D0050834E /* Interface.storyboard in Resources */ = {isa = PBXBuildFile; fileRef = 362E561B2322B25D0050834E /* Interface.storyboard */; };
		362E561F2322B25F0050834E /* Assets.xcassets in Resources */ = {isa = PBXBuildFile; fileRef = 362E561E2322B25F0050834E /* Assets.xcassets */; };
		362E56262322B25F0050834E /* Baton WatchKit Extension.appex in Embed App Extensions */ = {isa = PBXBuildFile; fileRef = 362E56252322B25F0050834E /* Baton WatchKit Extension.appex */; settings = {ATTRIBUTES = (RemoveHeadersOnCopy, ); }; };
		362E562B2322B25F0050834E /* InterfaceController.swift in Sources */ = {isa = PBXBuildFile; fileRef = 362E562A2322B25F0050834E /* InterfaceController.swift */; };
		362E562D2322B25F0050834E /* ExtensionDelegate.swift in Sources */ = {isa = PBXBuildFile; fileRef = 362E562C2322B25F0050834E /* ExtensionDelegate.swift */; };
		362E562F2322B25F0050834E /* ComplicationController.swift in Sources */ = {isa = PBXBuildFile; fileRef = 362E562E2322B25F0050834E /* ComplicationController.swift */; };
		362E56312322B2600050834E /* Assets.xcassets in Resources */ = {isa = PBXBuildFile; fileRef = 362E56302322B2600050834E /* Assets.xcassets */; };
/* End PBXBuildFile section */

/* Begin PBXContainerItemProxy section */
		362E56182322B25D0050834E /* PBXContainerItemProxy */ = {
			isa = PBXContainerItemProxy;
			containerPortal = 362E560C2322B25D0050834E /* Project object */;
			proxyType = 1;
			remoteGlobalIDString = 362E56152322B25D0050834E;
			remoteInfo = "Baton WatchKit App";
		};
		362E56272322B25F0050834E /* PBXContainerItemProxy */ = {
			isa = PBXContainerItemProxy;
			containerPortal = 362E560C2322B25D0050834E /* Project object */;
			proxyType = 1;
			remoteGlobalIDString = 362E56242322B25F0050834E;
			remoteInfo = "Baton WatchKit Extension";
		};
/* End PBXContainerItemProxy section */

/* Begin PBXCopyFilesBuildPhase section */
		362E56382322B2600050834E /* Embed App Extensions */ = {
			isa = PBXCopyFilesBuildPhase;
			buildActionMask = 2147483647;
			dstPath = "";
			dstSubfolderSpec = 13;
			files = (
				362E56262322B25F0050834E /* Baton WatchKit Extension.appex in Embed App Extensions */,
			);
			name = "Embed App Extensions";
			runOnlyForDeploymentPostprocessing = 0;
		};
		362E563C2322B2600050834E /* Embed Watch Content */ = {
			isa = PBXCopyFilesBuildPhase;
			buildActionMask = 2147483647;
			dstPath = "$(CONTENTS_FOLDER_PATH)/Watch";
			dstSubfolderSpec = 16;
			files = (
				362E56172322B25D0050834E /* Baton WatchKit App.app in Embed Watch Content */,
			);
			name = "Embed Watch Content";
			runOnlyForDeploymentPostprocessing = 0;
		};
/* End PBXCopyFilesBuildPhase section */

/* Begin PBXFileReference section */
		362E56122322B25D0050834E /* Baton.app */ = {isa = PBXFileReference; explicitFileType = wrapper.application; includeInIndex = 0; path = Baton.app; sourceTree = BUILT_PRODUCTS_DIR; };
		362E56162322B25D0050834E /* Baton WatchKit App.app */ = {isa = PBXFileReference; explicitFileType = wrapper.application; includeInIndex = 0; path = "Baton WatchKit App.app"; sourceTree = BUILT_PRODUCTS_DIR; };
		362E561C2322B25D0050834E /* Base */ = {isa = PBXFileReference; lastKnownFileType = file.storyboard; name = Base; path = Base.lproj/Interface.storyboard; sourceTree = "<group>"; };
		362E561E2322B25F0050834E /* Assets.xcassets */ = {isa = PBXFileReference; lastKnownFileType = folder.assetcatalog; path = Assets.xcassets; sourceTree = "<group>"; };
		362E56202322B25F0050834E /* Info.plist */ = {isa = PBXFileReference; lastKnownFileType = text.plist.xml; path = Info.plist; sourceTree = "<group>"; };
		362E56252322B25F0050834E /* Baton WatchKit Extension.appex */ = {isa = PBXFileReference; explicitFileType = "wrapper.app-extension"; includeInIndex = 0; path = "Baton WatchKit Extension.appex"; sourceTree = BUILT_PRODUCTS_DIR; };
		362E562A2322B25F0050834E /* InterfaceController.swift */ = {isa = PBXFileReference; lastKnownFileType = sourcecode.swift; path = InterfaceController.swift; sourceTree = "<group>"; };
		362E562C2322B25F0050834E /* ExtensionDelegate.swift */ = {isa = PBXFileReference; lastKnownFileType = sourcecode.swift; path = ExtensionDelegate.swift; sourceTree = "<group>"; };
		362E562E2322B25F0050834E /* ComplicationController.swift */ = {isa = PBXFileReference; lastKnownFileType = sourcecode.swift; path = ComplicationController.swift; sourceTree = "<group>"; };
		362E56302322B2600050834E /* Assets.xcassets */ = {isa = PBXFileReference; lastKnownFileType = folder.assetcatalog; path = Assets.xcassets; sourceTree = "<group>"; };
		362E56322322B2600050834E /* Info.plist */ = {isa = PBXFileReference; lastKnownFileType = text.plist.xml; path = Info.plist; sourceTree = "<group>"; };
/* End PBXFileReference section */

/* Begin PBXFrameworksBuildPhase section */
		362E56222322B25F0050834E /* Frameworks */ = {
			isa = PBXFrameworksBuildPhase;
			buildActionMask = 2147483647;
			files = (
			);
			runOnlyForDeploymentPostprocessing = 0;
		};
/* End PBXFrameworksBuildPhase section */

/* Begin PBXGroup section */
		362E560B2322B25D0050834E = {
			isa = PBXGroup;
			children = (
				362E561A2322B25D0050834E /* Baton WatchKit App */,
				362E56292322B25F0050834E /* Baton WatchKit Extension */,
				362E56132322B25D0050834E /* Products */,
			);
			sourceTree = "<group>";
		};
		362E56132322B25D0050834E /* Products */ = {
			isa = PBXGroup;
			children = (
				362E56122322B25D0050834E /* Baton.app */,
				362E56162322B25D0050834E /* Baton WatchKit App.app */,
				362E56252322B25F0050834E /* Baton WatchKit Extension.appex */,
			);
			name = Products;
			sourceTree = "<group>";
		};
		362E561A2322B25D0050834E /* Baton WatchKit App */ = {
			isa = PBXGroup;
			children = (
				362E561B2322B25D0050834E /* Interface.storyboard */,
				362E561E2322B25F0050834E /* Assets.xcassets */,
				362E56202322B25F0050834E /* Info.plist */,
			);
			path = "Baton WatchKit App";
			sourceTree = "<group>";
		};
		362E56292322B25F0050834E /* Baton WatchKit Extension */ = {
			isa = PBXGroup;
			children = (
				362E562A2322B25F0050834E /* InterfaceController.swift */,
				362E562C2322B25F0050834E /* ExtensionDelegate.swift */,
				362E562E2322B25F0050834E /* ComplicationController.swift */,
				362E56302322B2600050834E /* Assets.xcassets */,
				362E56322322B2600050834E /* Info.plist */,
			);
			path = "Baton WatchKit Extension";
			sourceTree = "<group>";
		};
/* End PBXGroup section */

/* Begin PBXNativeTarget section */
		362E56112322B25D0050834E /* Baton */ = {
			isa = PBXNativeTarget;
			buildConfigurationList = 362E563D2322B2600050834E /* Build configuration list for PBXNativeTarget "Baton" */;
			buildPhases = (
				362E56102322B25D0050834E /* Resources */,
				362E563C2322B2600050834E /* Embed Watch Content */,
			);
			buildRules = (
			);
			dependencies = (
				362E56192322B25D0050834E /* PBXTargetDependency */,
			);
			name = Baton;
			productName = Baton;
			productReference = 362E56122322B25D0050834E /* Baton.app */;
			productType = "com.apple.product-type.application.watchapp2-container";
		};
		362E56152322B25D0050834E /* Baton WatchKit App */ = {
			isa = PBXNativeTarget;
			buildConfigurationList = 362E56392322B2600050834E /* Build configuration list for PBXNativeTarget "Baton WatchKit App" */;
			buildPhases = (
				362E56142322B25D0050834E /* Resources */,
				362E56382322B2600050834E /* Embed App Extensions */,
			);
			buildRules = (
			);
			dependencies = (
				362E56282322B25F0050834E /* PBXTargetDependency */,
			);
			name = "Baton WatchKit App";
			productName = "Baton WatchKit App";
			productReference = 362E56162322B25D0050834E /* Baton WatchKit App.app */;
			productType = "com.apple.product-type.application.watchapp2";
		};
		362E56242322B25F0050834E /* Baton WatchKit Extension */ = {
			isa = PBXNativeTarget;
			buildConfigurationList = 362E56352322B2600050834E /* Build configuration list for PBXNativeTarget "Baton WatchKit Extension" */;
			buildPhases = (
				362E56212322B25F0050834E /* Sources */,
				362E56222322B25F0050834E /* Frameworks */,
				362E56232322B25F0050834E /* Resources */,
			);
			buildRules = (
			);
			dependencies = (
			);
			name = "Baton WatchKit Extension";
			productName = "Baton WatchKit Extension";
			productReference = 362E56252322B25F0050834E /* Baton WatchKit Extension.appex */;
			productType = "com.apple.product-type.watchkit2-extension";
		};
/* End PBXNativeTarget section */

/* Begin PBXProject section */
		362E560C2322B25D0050834E /* Project object */ = {
			isa = PBXProject;
			attributes = {
				LastSwiftUpdateCheck = 1100;
				LastUpgradeCheck = 1100;
				ORGANIZATIONNAME = "Prashuk Ajmera";
				TargetAttributes = {
					362E56112322B25D0050834E = {
						CreatedOnToolsVersion = 11.0;
					};
					362E56152322B25D0050834E = {
						CreatedOnToolsVersion = 11.0;
					};
					362E56242322B25F0050834E = {
						CreatedOnToolsVersion = 11.0;
					};
				};
			};
			buildConfigurationList = 362E560F2322B25D0050834E /* Build configuration list for PBXProject "Baton" */;
			compatibilityVersion = "Xcode 9.3";
			developmentRegion = en;
			hasScannedForEncodings = 0;
			knownRegions = (
				en,
				Base,
			);
			mainGroup = 362E560B2322B25D0050834E;
			productRefGroup = 362E56132322B25D0050834E /* Products */;
			projectDirPath = "";
			projectRoot = "";
			targets = (
				362E56112322B25D0050834E /* Baton */,
				362E56152322B25D0050834E /* Baton WatchKit App */,
				362E56242322B25F0050834E /* Baton WatchKit Extension */,
			);
		};
/* End PBXProject section */

/* Begin PBXResourcesBuildPhase section */
		362E56102322B25D0050834E /* Resources */ = {
			isa = PBXResourcesBuildPhase;
			buildActionMask = 2147483647;
			files = (
			);
			runOnlyForDeploymentPostprocessing = 0;
		};
		362E56142322B25D0050834E /* Resources */ = {
			isa = PBXResourcesBuildPhase;
			buildActionMask = 2147483647;
			files = (
				362E561F2322B25F0050834E /* Assets.xcassets in Resources */,
				362E561D2322B25D0050834E /* Interface.storyboard in Resources */,
			);
			runOnlyForDeploymentPostprocessing = 0;
		};
		362E56232322B25F0050834E /* Resources */ = {
			isa = PBXResourcesBuildPhase;
			buildActionMask = 2147483647;
			files = (
				362E56312322B2600050834E /* Assets.xcassets in Resources */,
			);
			runOnlyForDeploymentPostprocessing = 0;
		};
/* End PBXResourcesBuildPhase section */

/* Begin PBXSourcesBuildPhase section */
		362E56212322B25F0050834E /* Sources */ = {
			isa = PBXSourcesBuildPhase;
			buildActionMask = 2147483647;
			files = (
				362E562D2322B25F0050834E /* ExtensionDelegate.swift in Sources */,
				362E562B2322B25F0050834E /* InterfaceController.swift in Sources */,
				362E562F2322B25F0050834E /* ComplicationController.swift in Sources */,
			);
			runOnlyForDeploymentPostprocessing = 0;
		};
/* End PBXSourcesBuildPhase section */

/* Begin PBXTargetDependency section */
		362E56192322B25D0050834E /* PBXTargetDependency */ = {
			isa = PBXTargetDependency;
			target = 362E56152322B25D0050834E /* Baton WatchKit App */;
			targetProxy = 362E56182322B25D0050834E /* PBXContainerItemProxy */;
		};
		362E56282322B25F0050834E /* PBXTargetDependency */ = {
			isa = PBXTargetDependency;
			target = 362E56242322B25F0050834E /* Baton WatchKit Extension */;
			targetProxy = 362E56272322B25F0050834E /* PBXContainerItemProxy */;
		};
/* End PBXTargetDependency section */

/* Begin PBXVariantGroup section */
		362E561B2322B25D0050834E /* Interface.storyboard */ = {
			isa = PBXVariantGroup;
			children = (
				362E561C2322B25D0050834E /* Base */,
			);
			name = Interface.storyboard;
			sourceTree = "<group>";
		};
/* End PBXVariantGroup section */

/* Begin XCBuildConfiguration section */
		362E56332322B2600050834E /* Debug */ = {
			isa = XCBuildConfiguration;
			buildSettings = {
				ALWAYS_SEARCH_USER_PATHS = NO;
				CLANG_ANALYZER_NONNULL = YES;
				CLANG_ANALYZER_NUMBER_OBJECT_CONVERSION = YES_AGGRESSIVE;
				CLANG_CXX_LANGUAGE_STANDARD = "gnu++14";
				CLANG_CXX_LIBRARY = "libc++";
				CLANG_ENABLE_MODULES = YES;
				CLANG_ENABLE_OBJC_ARC = YES;
				CLANG_ENABLE_OBJC_WEAK = YES;
				CLANG_WARN_BLOCK_CAPTURE_AUTORELEASING = YES;
				CLANG_WARN_BOOL_CONVERSION = YES;
				CLANG_WARN_COMMA = YES;
				CLANG_WARN_CONSTANT_CONVERSION = YES;
				CLANG_WARN_DEPRECATED_OBJC_IMPLEMENTATIONS = YES;
				CLANG_WARN_DIRECT_OBJC_ISA_USAGE = YES_ERROR;
				CLANG_WARN_DOCUMENTATION_COMMENTS = YES;
				CLANG_WARN_EMPTY_BODY = YES;
				CLANG_WARN_ENUM_CONVERSION = YES;
				CLANG_WARN_INFINITE_RECURSION = YES;
				CLANG_WARN_INT_CONVERSION = YES;
				CLANG_WARN_NON_LITERAL_NULL_CONVERSION = YES;
				CLANG_WARN_OBJC_IMPLICIT_RETAIN_SELF = YES;
				CLANG_WARN_OBJC_LITERAL_CONVERSION = YES;
				CLANG_WARN_OBJC_ROOT_CLASS = YES_ERROR;
				CLANG_WARN_RANGE_LOOP_ANALYSIS = YES;
				CLANG_WARN_STRICT_PROTOTYPES = YES;
				CLANG_WARN_SUSPICIOUS_MOVE = YES;
				CLANG_WARN_UNGUARDED_AVAILABILITY = YES_AGGRESSIVE;
				CLANG_WARN_UNREACHABLE_CODE = YES;
				CLANG_WARN__DUPLICATE_METHOD_MATCH = YES;
				COPY_PHASE_STRIP = NO;
				DEBUG_INFORMATION_FORMAT = dwarf;
				ENABLE_STRICT_OBJC_MSGSEND = YES;
				ENABLE_TESTABILITY = YES;
				GCC_C_LANGUAGE_STANDARD = gnu11;
				GCC_DYNAMIC_NO_PIC = NO;
				GCC_NO_COMMON_BLOCKS = YES;
				GCC_OPTIMIZATION_LEVEL = 0;
				GCC_PREPROCESSOR_DEFINITIONS = (
					"DEBUG=1",
					"$(inherited)",
				);
				GCC_WARN_64_TO_32_BIT_CONVERSION = YES;
				GCC_WARN_ABOUT_RETURN_TYPE = YES_ERROR;
				GCC_WARN_UNDECLARED_SELECTOR = YES;
				GCC_WARN_UNINITIALIZED_AUTOS = YES_AGGRESSIVE;
				GCC_WARN_UNUSED_FUNCTION = YES;
				GCC_WARN_UNUSED_VARIABLE = YES;
				MTL_ENABLE_DEBUG_INFO = INCLUDE_SOURCE;
				MTL_FAST_MATH = YES;
				ONLY_ACTIVE_ARCH = YES;
				SDKROOT = iphoneos;
				SWIFT_ACTIVE_COMPILATION_CONDITIONS = DEBUG;
				SWIFT_OPTIMIZATION_LEVEL = "-Onone";
			};
			name = Debug;
		};
		362E56342322B2600050834E /* Release */ = {
			isa = XCBuildConfiguration;
			buildSettings = {
				ALWAYS_SEARCH_USER_PATHS = NO;
				CLANG_ANALYZER_NONNULL = YES;
				CLANG_ANALYZER_NUMBER_OBJECT_CONVERSION = YES_AGGRESSIVE;
				CLANG_CXX_LANGUAGE_STANDARD = "gnu++14";
				CLANG_CXX_LIBRARY = "libc++";
				CLANG_ENABLE_MODULES = YES;
				CLANG_ENABLE_OBJC_ARC = YES;
				CLANG_ENABLE_OBJC_WEAK = YES;
				CLANG_WARN_BLOCK_CAPTURE_AUTORELEASING = YES;
				CLANG_WARN_BOOL_CONVERSION = YES;
				CLANG_WARN_COMMA = YES;
				CLANG_WARN_CONSTANT_CONVERSION = YES;
				CLANG_WARN_DEPRECATED_OBJC_IMPLEMENTATIONS = YES;
				CLANG_WARN_DIRECT_OBJC_ISA_USAGE = YES_ERROR;
				CLANG_WARN_DOCUMENTATION_COMMENTS = YES;
				CLANG_WARN_EMPTY_BODY = YES;
				CLANG_WARN_ENUM_CONVERSION = YES;
				CLANG_WARN_INFINITE_RECURSION = YES;
				CLANG_WARN_INT_CONVERSION = YES;
				CLANG_WARN_NON_LITERAL_NULL_CONVERSION = YES;
				CLANG_WARN_OBJC_IMPLICIT_RETAIN_SELF = YES;
				CLANG_WARN_OBJC_LITERAL_CONVERSION = YES;
				CLANG_WARN_OBJC_ROOT_CLASS = YES_ERROR;
				CLANG_WARN_RANGE_LOOP_ANALYSIS = YES;
				CLANG_WARN_STRICT_PROTOTYPES = YES;
				CLANG_WARN_SUSPICIOUS_MOVE = YES;
				CLANG_WARN_UNGUARDED_AVAILABILITY = YES_AGGRESSIVE;
				CLANG_WARN_UNREACHABLE_CODE = YES;
				CLANG_WARN__DUPLICATE_METHOD_MATCH = YES;
				COPY_PHASE_STRIP = NO;
				DEBUG_INFORMATION_FORMAT = "dwarf-with-dsym";
				ENABLE_NS_ASSERTIONS = NO;
				ENABLE_STRICT_OBJC_MSGSEND = YES;
				GCC_C_LANGUAGE_STANDARD = gnu11;
				GCC_NO_COMMON_BLOCKS = YES;
				GCC_WARN_64_TO_32_BIT_CONVERSION = YES;
				GCC_WARN_ABOUT_RETURN_TYPE = YES_ERROR;
				GCC_WARN_UNDECLARED_SELECTOR = YES;
				GCC_WARN_UNINITIALIZED_AUTOS = YES_AGGRESSIVE;
				GCC_WARN_UNUSED_FUNCTION = YES;
				GCC_WARN_UNUSED_VARIABLE = YES;
				MTL_ENABLE_DEBUG_INFO = NO;
				MTL_FAST_MATH = YES;
				SDKROOT = iphoneos;
				SWIFT_COMPILATION_MODE = wholemodule;
				SWIFT_OPTIMIZATION_LEVEL = "-O";
				VALIDATE_PRODUCT = YES;
			};
			name = Release;
		};
		362E56362322B2600050834E /* Debug */ = {
			isa = XCBuildConfiguration;
			buildSettings = {
				ASSETCATALOG_COMPILER_COMPLICATION_NAME = Complication;
				CODE_SIGN_IDENTITY = "Apple Development";
				CODE_SIGN_STYLE = Automatic;
				DEVELOPMENT_TEAM = LZF27DQ562;
				INFOPLIST_FILE = "Baton WatchKit Extension/Info.plist";
				LD_RUNPATH_SEARCH_PATHS = (
					"$(inherited)",
					"@executable_path/Frameworks",
					"@executable_path/../../Frameworks",
				);
				PRODUCT_BUNDLE_IDENTIFIER = com.bose.Baton.watchkitapp.watchkitextension;
				PRODUCT_NAME = "${TARGET_NAME}";
				PROVISIONING_PROFILE_SPECIFIER = "";
				SDKROOT = watchos;
				SKIP_INSTALL = YES;
				SWIFT_VERSION = 5.0;
				TARGETED_DEVICE_FAMILY = 4;
				WATCHOS_DEPLOYMENT_TARGET = 6.0;
			};
			name = Debug;
		};
		362E56372322B2600050834E /* Release */ = {
			isa = XCBuildConfiguration;
			buildSettings = {
				ASSETCATALOG_COMPILER_COMPLICATION_NAME = Complication;
				CODE_SIGN_IDENTITY = "Apple Development";
				CODE_SIGN_STYLE = Automatic;
				DEVELOPMENT_TEAM = LZF27DQ562;
				INFOPLIST_FILE = "Baton WatchKit Extension/Info.plist";
				LD_RUNPATH_SEARCH_PATHS = (
					"$(inherited)",
					"@executable_path/Frameworks",
					"@executable_path/../../Frameworks",
				);
				PRODUCT_BUNDLE_IDENTIFIER = com.bose.Baton.watchkitapp.watchkitextension;
				PRODUCT_NAME = "${TARGET_NAME}";
				PROVISIONING_PROFILE_SPECIFIER = "";
				SDKROOT = watchos;
				SKIP_INSTALL = YES;
				SWIFT_VERSION = 5.0;
				TARGETED_DEVICE_FAMILY = 4;
				WATCHOS_DEPLOYMENT_TARGET = 6.0;
			};
			name = Release;
		};
		362E563A2322B2600050834E /* Debug */ = {
			isa = XCBuildConfiguration;
			buildSettings = {
				ALWAYS_EMBED_SWIFT_STANDARD_LIBRARIES = YES;
				ASSETCATALOG_COMPILER_APPICON_NAME = AppIcon;
				CODE_SIGN_STYLE = Automatic;
				DEVELOPMENT_TEAM = LZF27DQ562;
				IBSC_MODULE = Baton_WatchKit_Extension;
				INFOPLIST_FILE = "Baton WatchKit App/Info.plist";
				PRODUCT_BUNDLE_IDENTIFIER = com.bose.Baton.watchkitapp;
				PRODUCT_NAME = "$(TARGET_NAME)";
				SDKROOT = watchos;
				SKIP_INSTALL = YES;
				SWIFT_VERSION = 5.0;
				TARGETED_DEVICE_FAMILY = 4;
				WATCHOS_DEPLOYMENT_TARGET = 6.0;
			};
			name = Debug;
		};
		362E563B2322B2600050834E /* Release */ = {
			isa = XCBuildConfiguration;
			buildSettings = {
				ALWAYS_EMBED_SWIFT_STANDARD_LIBRARIES = YES;
				ASSETCATALOG_COMPILER_APPICON_NAME = AppIcon;
				CODE_SIGN_STYLE = Automatic;
				DEVELOPMENT_TEAM = LZF27DQ562;
				IBSC_MODULE = Baton_WatchKit_Extension;
				INFOPLIST_FILE = "Baton WatchKit App/Info.plist";
				PRODUCT_BUNDLE_IDENTIFIER = com.bose.Baton.watchkitapp;
				PRODUCT_NAME = "$(TARGET_NAME)";
				SDKROOT = watchos;
				SKIP_INSTALL = YES;
				SWIFT_VERSION = 5.0;
				TARGETED_DEVICE_FAMILY = 4;
				WATCHOS_DEPLOYMENT_TARGET = 6.0;
			};
			name = Release;
		};
		362E563E2322B2600050834E /* Debug */ = {
			isa = XCBuildConfiguration;
			buildSettings = {
				CODE_SIGN_STYLE = Automatic;
				CURRENT_PROJECT_VERSION = 1;
				DEVELOPMENT_TEAM = LZF27DQ562;
				MARKETING_VERSION = 1.0;
				PRODUCT_BUNDLE_IDENTIFIER = com.bose.Baton;
				PRODUCT_NAME = "$(TARGET_NAME)";
				SWIFT_VERSION = 5.0;
			};
			name = Debug;
		};
		362E563F2322B2600050834E /* Release */ = {
			isa = XCBuildConfiguration;
			buildSettings = {
				CODE_SIGN_STYLE = Automatic;
				CURRENT_PROJECT_VERSION = 1;
				DEVELOPMENT_TEAM = LZF27DQ562;
				MARKETING_VERSION = 1.0;
				PRODUCT_BUNDLE_IDENTIFIER = com.bose.Baton;
				PRODUCT_NAME = "$(TARGET_NAME)";
				SWIFT_VERSION = 5.0;
			};
			name = Release;
		};
/* End XCBuildConfiguration section */

/* Begin XCConfigurationList section */
		362E560F2322B25D0050834E /* Build configuration list for PBXProject "Baton" */ = {
			isa = XCConfigurationList;
			buildConfigurations = (
				362E56332322B2600050834E /* Debug */,
				362E56342322B2600050834E /* Release */,
			);
			defaultConfigurationIsVisible = 0;
			defaultConfigurationName = Release;
		};
		362E56352322B2600050834E /* Build configuration list for PBXNativeTarget "Baton WatchKit Extension" */ = {
			isa = XCConfigurationList;
			buildConfigurations = (
				362E56362322B2600050834E /* Debug */,
				362E56372322B2600050834E /* Release */,
			);
			defaultConfigurationIsVisible = 0;
			defaultConfigurationName = Release;
		};
		362E56392322B2600050834E /* Build configuration list for PBXNativeTarget "Baton WatchKit App" */ = {
			isa = XCConfigurationList;
			buildConfigurations = (
				362E563A2322B2600050834E /* Debug */,
				362E563B2322B2600050834E /* Release */,
			);
			defaultConfigurationIsVisible = 0;
			defaultConfigurationName = Release;
		};
		362E563D2322B2600050834E /* Build configuration list for PBXNativeTarget "Baton" */ = {
			isa = XCConfigurationList;
			buildConfigurations = (
				362E563E2322B2600050834E /* Debug */,
				362E563F2322B2600050834E /* Release */,
			);
			defaultConfigurationIsVisible = 0;
			defaultConfigurationName = Release;
		};
/* End XCConfigurationList section */
	};
	rootObject = 362E560C2322B25D0050834E /* Project object */;
}
